
Microsoft Visual Studio Solution File, Format Version 12.00
# Visual Studio Version 16
VisualStudioVersion = 16.0.30804.86
MinimumVisualStudioVersion = 10.0.40219.1
Project("{D954291E-2A0B-460D-934E-DC6B0785DB48}") = "SharedProject", "SharedProject\SharedProject.shproj", "{D78E7C6F-46CE-45EC-92DA-5052B2EAAD1D}"
EndProject
Project("{9A19103F-16F7-4668-BE54-9A1E7A4F7556}") = "AAL_ADMIN5", "AAL_ADMIN5\AAL_ADMIN5.csproj", "{9D8D97BF-70F6-42BD-A6CB-2191A63CAF6B}"
EndProject
Project("{9A19103F-16F7-4668-BE54-9A1E7A4F7556}") = "AAL_TUTOR5", "AAL_TUTOR5\AAL_TUTOR5.csproj", "{20F0B60B-FF76-421F-961C-BC81D7E698A8}"
EndProject
Project("{9A19103F-16F7-4668-BE54-9A1E7A4F7556}") = "AAL_API5", "AAL_API5\AAL_API5.csproj", "{E5F57A78-2C51-4502-874F-908AC7FF8C9A}"
EndProject
Global
	GlobalSection(SharedMSBuildProjectFiles) = preSolution
		SharedProject\SharedProject.projitems*{20f0b60b-ff76-421f-961c-bc81d7e698a8}*SharedItemsImports = 5
		SharedProject\SharedProject.projitems*{9d8d97bf-70f6-42bd-a6cb-2191a63caf6b}*SharedItemsImports = 5
		SharedProject\SharedProject.projitems*{d78e7c6f-46ce-45ec-92da-5052b2eaad1d}*SharedItemsImports = 13
		SharedProject\SharedProject.projitems*{e5f57a78-2c51-4502-874f-908ac7ff8c9a}*SharedItemsImports = 5
	EndGlobalSection
	GlobalSection(SolutionConfigurationPlatforms) = preSolution
		Debug|Any CPU = Debug|Any CPU
		Release|Any CPU = Release|Any CPU
	EndGlobalSection
	GlobalSection(ProjectConfigurationPlatforms) = postSolution
		{9D8D97BF-70F6-42BD-A6CB-2191A63CAF6B}.Debug|Any CPU.ActiveCfg = Debug|Any CPU
		{9D8D97BF-70F6-42BD-A6CB-2191A63CAF6B}.Debug|Any CPU.Build.0 = Debug|Any CPU
		{9D8D97BF-70F6-42BD-A6CB-2191A63CAF6B}.Release|Any CPU.ActiveCfg = Release|Any CPU
		{9D8D97BF-70F6-42BD-A6CB-2191A63CAF6B}.Release|Any CPU.Build.0 = Release|Any CPU
		{20F0B60B-FF76-421F-961C-BC81D7E698A8}.Debug|Any CPU.ActiveCfg = Debug|Any CPU
		{20F0B60B-FF76-421F-961C-BC81D7E698A8}.Debug|Any CPU.Build.0 = Debug|Any CPU
		{20F0B60B-FF76-421F-961C-BC81D7E698A8}.Release|Any CPU.ActiveCfg = Release|Any CPU
		{20F0B60B-FF76-421F-961C-BC81D7E698A8}.Release|Any CPU.Build.0 = Release|Any CPU
		{E5F57A78-2C51-4502-874F-908AC7FF8C9A}.Debug|Any CPU.ActiveCfg = Debug|Any CPU
		{E5F57A78-2C51-4502-874F-908AC7FF8C9A}.Debug|Any CPU.Build.0 = Debug|Any CPU
		{E5F57A78-2C51-4502-874F-908AC7FF8C9A}.Release|Any CPU.ActiveCfg = Release|Any CPU
		{E5F57A78-2C51-4502-874F-908AC7FF8C9A}.Release|Any CPU.Build.0 = Release|Any CPU
	EndGlobalSection
	GlobalSection(SolutionProperties) = preSolution
		HideSolutionNode = FALSE
	EndGlobalSection
	GlobalSection(ExtensibilityGlobals) = postSolution
		SolutionGuid = {C1B79D0B-8D25-45E5-A560-932189634735}
	EndGlobalSection
EndGlobal
